// !$*UTF8*$!
{
	archiveVersion = 1;
	classes = {
	};
	objectVersion = 50;
	objects = {

/* Begin PBXBuildFile section */
		F84001B224948444001EAEB2 /* AppDelegate.swift in Sources */ = {isa = PBXBuildFile; fileRef = F84001B124948444001EAEB2 /* AppDelegate.swift */; };
		F84001B424948444001EAEB2 /* SceneDelegate.swift in Sources */ = {isa = PBXBuildFile; fileRef = F84001B324948444001EAEB2 /* SceneDelegate.swift */; };
		F84001B624948444001EAEB2 /* ViewController.swift in Sources */ = {isa = PBXBuildFile; fileRef = F84001B524948444001EAEB2 /* ViewController.swift */; };
		F84001B924948444001EAEB2 /* Main.storyboard in Resources */ = {isa = PBXBuildFile; fileRef = F84001B724948444001EAEB2 /* Main.storyboard */; };
		F84001BB2494844A001EAEB2 /* Assets.xcassets in Resources */ = {isa = PBXBuildFile; fileRef = F84001BA2494844A001EAEB2 /* Assets.xcassets */; };
		F84001BE2494844A001EAEB2 /* LaunchScreen.storyboard in Resources */ = {isa = PBXBuildFile; fileRef = F84001BC2494844A001EAEB2 /* LaunchScreen.storyboard */; };
		F84001C92494844A001EAEB2 /* tipperTests.swift in Sources */ = {isa = PBXBuildFile; fileRef = F84001C82494844A001EAEB2 /* tipperTests.swift */; };
		F84001D42494844A001EAEB2 /* tipperUITests.swift in Sources */ = {isa = PBXBuildFile; fileRef = F84001D32494844A001EAEB2 /* tipperUITests.swift */; };
/* End PBXBuildFile section */

/* Begin PBXContainerItemProxy section */
		F84001C52494844A001EAEB2 /* PBXContainerItemProxy */ = {
			isa = PBXContainerItemProxy;
			containerPortal = F84001A624948444001EAEB2 /* Project object */;
			proxyType = 1;
			remoteGlobalIDString = F84001AD24948444001EAEB2;
			remoteInfo = tipper;
		};
		F84001D02494844A001EAEB2 /* PBXContainerItemProxy */ = {
			isa = PBXContainerItemProxy;
			containerPortal = F84001A624948444001EAEB2 /* Project object */;
			proxyType = 1;
			remoteGlobalIDString = F84001AD24948444001EAEB2;
			remoteInfo = tipper;
		};
/* End PBXContainerItemProxy section */

/* Begin PBXFileReference section */
		F84001AE24948444001EAEB2 /* tipper.app */ = {isa = PBXFileReference; explicitFileType = wrapper.application; includeInIndex = 0; path = tipper.app; sourceTree = BUILT_PRODUCTS_DIR; };
		F84001B124948444001EAEB2 /* AppDelegate.swift */ = {isa = PBXFileReference; lastKnownFileType = sourcecode.swift; path = AppDelegate.swift; sourceTree = "<group>"; };
		F84001B324948444001EAEB2 /* SceneDelegate.swift */ = {isa = PBXFileReference; lastKnownFileType = sourcecode.swift; path = SceneDelegate.swift; sourceTree = "<group>"; };
		F84001B524948444001EAEB2 /* ViewController.swift */ = {isa = PBXFileReference; lastKnownFileType = sourcecode.swift; path = ViewController.swift; sourceTree = "<group>"; };
		F84001B824948444001EAEB2 /* Base */ = {isa = PBXFileReference; lastKnownFileType = file.storyboard; name = Base; path = Base.lproj/Main.storyboard; sourceTree = "<group>"; };
		F84001BA2494844A001EAEB2 /* Assets.xcassets */ = {isa = PBXFileReference; lastKnownFileType = folder.assetcatalog; path = Assets.xcassets; sourceTree = "<group>"; };
		F84001BD2494844A001EAEB2 /* Base */ = {isa = PBXFileReference; lastKnownFileType = file.storyboard; name = Base; path = Base.lproj/LaunchScreen.storyboard; sourceTree = "<group>"; };
		F84001BF2494844A001EAEB2 /* Info.plist */ = {isa = PBXFileReference; lastKnownFileType = text.plist.xml; path = Info.plist; sourceTree = "<group>"; };
		F84001C42494844A001EAEB2 /* tipperTests.xctest */ = {isa = PBXFileReference; explicitFileType = wrapper.cfbundle; includeInIndex = 0; path = tipperTests.xctest; sourceTree = BUILT_PRODUCTS_DIR; };
		F84001C82494844A001EAEB2 /* tipperTests.swift */ = {isa = PBXFileReference; lastKnownFileType = sourcecode.swift; path = tipperTests.swift; sourceTree = "<group>"; };
		F84001CA2494844A001EAEB2 /* Info.plist */ = {isa = PBXFileReference; lastKnownFileType = text.plist.xml; path = Info.plist; sourceTree = "<group>"; };
		F84001CF2494844A001EAEB2 /* tipperUITests.xctest */ = {isa = PBXFileReference; explicitFileType = wrapper.cfbundle; includeInIndex = 0; path = tipperUITests.xctest; sourceTree = BUILT_PRODUCTS_DIR; };
		F84001D32494844A001EAEB2 /* tipperUITests.swift */ = {isa = PBXFileReference; lastKnownFileType = sourcecode.swift; path = tipperUITests.swift; sourceTree = "<group>"; };
		F84001D52494844A001EAEB2 /* Info.plist */ = {isa = PBXFileReference; lastKnownFileType = text.plist.xml; path = Info.plist; sourceTree = "<group>"; };
/* End PBXFileReference section */

/* Begin PBXFrameworksBuildPhase section */
		F84001AB24948444001EAEB2 /* Frameworks */ = {
			isa = PBXFrameworksBuildPhase;
			buildActionMask = 2147483647;
			files = (
			);
			runOnlyForDeploymentPostprocessing = 0;
		};
		F84001C12494844A001EAEB2 /* Frameworks */ = {
			isa = PBXFrameworksBuildPhase;
			buildActionMask = 2147483647;
			files = (
			);
			runOnlyForDeploymentPostprocessing = 0;
		};
		F84001CC2494844A001EAEB2 /* Frameworks */ = {
			isa = PBXFrameworksBuildPhase;
			buildActionMask = 2147483647;
			files = (
			);
			runOnlyForDeploymentPostprocessing = 0;
		};
/* End PBXFrameworksBuildPhase section */

/* Begin PBXGroup section */
		F84001A524948444001EAEB2 = {
			isa = PBXGroup;
			children = (
				F84001B024948444001EAEB2 /* tipper */,
				F84001C72494844A001EAEB2 /* tipperTests */,
				F84001D22494844A001EAEB2 /* tipperUITests */,
				F84001AF24948444001EAEB2 /* Products */,
			);
			sourceTree = "<group>";
		};
		F84001AF24948444001EAEB2 /* Products */ = {
			isa = PBXGroup;
			children = (
				F84001AE24948444001EAEB2 /* tipper.app */,
				F84001C42494844A001EAEB2 /* tipperTests.xctest */,
				F84001CF2494844A001EAEB2 /* tipperUITests.xctest */,
			);
			name = Products;
			sourceTree = "<group>";
		};
		F84001B024948444001EAEB2 /* tipper */ = {
			isa = PBXGroup;
			children = (
				F84001B124948444001EAEB2 /* AppDelegate.swift */,
				F84001B324948444001EAEB2 /* SceneDelegate.swift */,
				F84001B524948444001EAEB2 /* ViewController.swift */,
				F84001B724948444001EAEB2 /* Main.storyboard */,
				F84001BA2494844A001EAEB2 /* Assets.xcassets */,
				F84001BC2494844A001EAEB2 /* LaunchScreen.storyboard */,
				F84001BF2494844A001EAEB2 /* Info.plist */,
			);
			path = tipper;
			sourceTree = "<group>";
		};
		F84001C72494844A001EAEB2 /* tipperTests */ = {
			isa = PBXGroup;
			children = (
				F84001C82494844A001EAEB2 /* tipperTests.swift */,
				F84001CA2494844A001EAEB2 /* Info.plist */,
			);
			path = tipperTests;
			sourceTree = "<group>";
		};
		F84001D22494844A001EAEB2 /* tipperUITests */ = {
			isa = PBXGroup;
			children = (
				F84001D32494844A001EAEB2 /* tipperUITests.swift */,
				F84001D52494844A001EAEB2 /* Info.plist */,
			);
			path = tipperUITests;
			sourceTree = "<group>";
		};
/* End PBXGroup section */

/* Begin PBXNativeTarget section */
		F84001AD24948444001EAEB2 /* tipper */ = {
			isa = PBXNativeTarget;
			buildConfigurationList = F84001D82494844A001EAEB2 /* Build configuration list for PBXNativeTarget "tipper" */;
			buildPhases = (
				F84001AA24948444001EAEB2 /* Sources */,
				F84001AB24948444001EAEB2 /* Frameworks */,
				F84001AC24948444001EAEB2 /* Resources */,
			);
			buildRules = (
			);
			dependencies = (
			);
			name = tipper;
			productName = tipper;
			productReference = F84001AE24948444001EAEB2 /* tipper.app */;
			productType = "com.apple.product-type.application";
		};
		F84001C32494844A001EAEB2 /* tipperTests */ = {
			isa = PBXNativeTarget;
			buildConfigurationList = F84001DB2494844A001EAEB2 /* Build configuration list for PBXNativeTarget "tipperTests" */;
			buildPhases = (
				F84001C02494844A001EAEB2 /* Sources */,
				F84001C12494844A001EAEB2 /* Frameworks */,
				F84001C22494844A001EAEB2 /* Resources */,
			);
			buildRules = (
			);
			dependencies = (
				F84001C62494844A001EAEB2 /* PBXTargetDependency */,
			);
			name = tipperTests;
			productName = tipperTests;
			productReference = F84001C42494844A001EAEB2 /* tipperTests.xctest */;
			productType = "com.apple.product-type.bundle.unit-test";
		};
		F84001CE2494844A001EAEB2 /* tipperUITests */ = {
			isa = PBXNativeTarget;
			buildConfigurationList = F84001DE2494844A001EAEB2 /* Build configuration list for PBXNativeTarget "tipperUITests" */;
			buildPhases = (
				F84001CB2494844A001EAEB2 /* Sources */,
				F84001CC2494844A001EAEB2 /* Frameworks */,
				F84001CD2494844A001EAEB2 /* Resources */,
			);
			buildRules = (
			);
			dependencies = (
				F84001D12494844A001EAEB2 /* PBXTargetDependency */,
			);
			name = tipperUITests;
			productName = tipperUITests;
			productReference = F84001CF2494844A001EAEB2 /* tipperUITests.xctest */;
			productType = "com.apple.product-type.bundle.ui-testing";
		};
/* End PBXNativeTarget section */

/* Begin PBXProject section */
		F84001A624948444001EAEB2 /* Project object */ = {
			isa = PBXProject;
			attributes = {
				LastSwiftUpdateCheck = 1140;
				LastUpgradeCheck = 1140;
				ORGANIZATIONNAME = "Pooja Yadav";
				TargetAttributes = {
					F84001AD24948444001EAEB2 = {
						CreatedOnToolsVersion = 11.4.1;
					};
					F84001C32494844A001EAEB2 = {
						CreatedOnToolsVersion = 11.4.1;
						TestTargetID = F84001AD24948444001EAEB2;
					};
					F84001CE2494844A001EAEB2 = {
						CreatedOnToolsVersion = 11.4.1;
						TestTargetID = F84001AD24948444001EAEB2;
					};
				};
			};
			buildConfigurationList = F84001A924948444001EAEB2 /* Build configuration list for PBXProject "tipper" */;
			compatibilityVersion = "Xcode 9.3";
			developmentRegion = en;
			hasScannedForEncodings = 0;
			knownRegions = (
				en,
				Base,
			);
			mainGroup = F84001A524948444001EAEB2;
			productRefGroup = F84001AF24948444001EAEB2 /* Products */;
			projectDirPath = "";
			projectRoot = "";
			targets = (
				F84001AD24948444001EAEB2 /* tipper */,
				F84001C32494844A001EAEB2 /* tipperTests */,
				F84001CE2494844A001EAEB2 /* tipperUITests */,
			);
		};
/* End PBXProject section */

/* Begin PBXResourcesBuildPhase section */
		F84001AC24948444001EAEB2 /* Resources */ = {
			isa = PBXResourcesBuildPhase;
			buildActionMask = 2147483647;
			files = (
				F84001BE2494844A001EAEB2 /* LaunchScreen.storyboard in Resources */,
				F84001BB2494844A001EAEB2 /* Assets.xcassets in Resources */,
				F84001B924948444001EAEB2 /* Main.storyboard in Resources */,
			);
			runOnlyForDeploymentPostprocessing = 0;
		};
		F84001C22494844A001EAEB2 /* Resources */ = {
			isa = PBXResourcesBuildPhase;
			buildActionMask = 2147483647;
			files = (
			);
			runOnlyForDeploymentPostprocessing = 0;
		};
		F84001CD2494844A001EAEB2 /* Resources */ = {
			isa = PBXResourcesBuildPhase;
			buildActionMask = 2147483647;
			files = (
			);
			runOnlyForDeploymentPostprocessing = 0;
		};
/* End PBXResourcesBuildPhase section */

/* Begin PBXSourcesBuildPhase section */
		F84001AA24948444001EAEB2 /* Sources */ = {
			isa = PBXSourcesBuildPhase;
			buildActionMask = 2147483647;
			files = (
				F84001B624948444001EAEB2 /* ViewController.swift in Sources */,
				F84001B224948444001EAEB2 /* AppDelegate.swift in Sources */,
				F84001B424948444001EAEB2 /* SceneDelegate.swift in Sources */,
			);
			runOnlyForDeploymentPostprocessing = 0;
		};
		F84001C02494844A001EAEB2 /* Sources */ = {
			isa = PBXSourcesBuildPhase;
			buildActionMask = 2147483647;
			files = (
				F84001C92494844A001EAEB2 /* tipperTests.swift in Sources */,
			);
			runOnlyForDeploymentPostprocessing = 0;
		};
		F84001CB2494844A001EAEB2 /* Sources */ = {
			isa = PBXSourcesBuildPhase;
			buildActionMask = 2147483647;
			files = (
				F84001D42494844A001EAEB2 /* tipperUITests.swift in Sources */,
			);
			runOnlyForDeploymentPostprocessing = 0;
		};
/* End PBXSourcesBuildPhase section */

/* Begin PBXTargetDependency section */
		F84001C62494844A001EAEB2 /* PBXTargetDependency */ = {
			isa = PBXTargetDependency;
			target = F84001AD24948444001EAEB2 /* tipper */;
			targetProxy = F84001C52494844A001EAEB2 /* PBXContainerItemProxy */;
		};
		F84001D12494844A001EAEB2 /* PBXTargetDependency */ = {
			isa = PBXTargetDependency;
			target = F84001AD24948444001EAEB2 /* tipper */;
			targetProxy = F84001D02494844A001EAEB2 /* PBXContainerItemProxy */;
		};
/* End PBXTargetDependency section */

/* Begin PBXVariantGroup section */
		F84001B724948444001EAEB2 /* Main.storyboard */ = {
			isa = PBXVariantGroup;
			children = (
				F84001B824948444001EAEB2 /* Base */,
			);
			name = Main.storyboard;
			sourceTree = "<group>";
		};
		F84001BC2494844A001EAEB2 /* LaunchScreen.storyboard */ = {
			isa = PBXVariantGroup;
			children = (
				F84001BD2494844A001EAEB2 /* Base */,
			);
			name = LaunchScreen.storyboard;
			sourceTree = "<group>";
		};
/* End PBXVariantGroup section */

/* Begin XCBuildConfiguration section */
		F84001D62494844A001EAEB2 /* Debug */ = {
			isa = XCBuildConfiguration;
			buildSettings = {
				ALWAYS_SEARCH_USER_PATHS = NO;
				CLANG_ANALYZER_NONNULL = YES;
				CLANG_ANALYZER_NUMBER_OBJECT_CONVERSION = YES_AGGRESSIVE;
				CLANG_CXX_LANGUAGE_STANDARD = "gnu++14";
				CLANG_CXX_LIBRARY = "libc++";
				CLANG_ENABLE_MODULES = YES;
				CLANG_ENABLE_OBJC_ARC = YES;
				CLANG_ENABLE_OBJC_WEAK = YES;
				CLANG_WARN_BLOCK_CAPTURE_AUTORELEASING = YES;
				CLANG_WARN_BOOL_CONVERSION = YES;
				CLANG_WARN_COMMA = YES;
				CLANG_WARN_CONSTANT_CONVERSION = YES;
				CLANG_WARN_DEPRECATED_OBJC_IMPLEMENTATIONS = YES;
				CLANG_WARN_DIRECT_OBJC_ISA_USAGE = YES_ERROR;
				CLANG_WARN_DOCUMENTATION_COMMENTS = YES;
				CLANG_WARN_EMPTY_BODY = YES;
				CLANG_WARN_ENUM_CONVERSION = YES;
				CLANG_WARN_INFINITE_RECURSION = YES;
				CLANG_WARN_INT_CONVERSION = YES;
				CLANG_WARN_NON_LITERAL_NULL_CONVERSION = YES;
				CLANG_WARN_OBJC_IMPLICIT_RETAIN_SELF = YES;
				CLANG_WARN_OBJC_LITERAL_CONVERSION = YES;
				CLANG_WARN_OBJC_ROOT_CLASS = YES_ERROR;
				CLANG_WARN_RANGE_LOOP_ANALYSIS = YES;
				CLANG_WARN_STRICT_PROTOTYPES = YES;
				CLANG_WARN_SUSPICIOUS_MOVE = YES;
				CLANG_WARN_UNGUARDED_AVAILABILITY = YES_AGGRESSIVE;
				CLANG_WARN_UNREACHABLE_CODE = YES;
				CLANG_WARN__DUPLICATE_METHOD_MATCH = YES;
				COPY_PHASE_STRIP = NO;
				DEBUG_INFORMATION_FORMAT = dwarf;
				ENABLE_STRICT_OBJC_MSGSEND = YES;
				ENABLE_TESTABILITY = YES;
				GCC_C_LANGUAGE_STANDARD = gnu11;
				GCC_DYNAMIC_NO_PIC = NO;
				GCC_NO_COMMON_BLOCKS = YES;
				GCC_OPTIMIZATION_LEVEL = 0;
				GCC_PREPROCESSOR_DEFINITIONS = (
					"DEBUG=1",
					"$(inherited)",
				);
				GCC_WARN_64_TO_32_BIT_CONVERSION = YES;
				GCC_WARN_ABOUT_RETURN_TYPE = YES_ERROR;
				GCC_WARN_UNDECLARED_SELECTOR = YES;
				GCC_WARN_UNINITIALIZED_AUTOS = YES_AGGRESSIVE;
				GCC_WARN_UNUSED_FUNCTION = YES;
				GCC_WARN_UNUSED_VARIABLE = YES;
				IPHONEOS_DEPLOYMENT_TARGET = 13.4;
				MTL_ENABLE_DEBUG_INFO = INCLUDE_SOURCE;
				MTL_FAST_MATH = YES;
				ONLY_ACTIVE_ARCH = YES;
				SDKROOT = iphoneos;
				SWIFT_ACTIVE_COMPILATION_CONDITIONS = DEBUG;
				SWIFT_OPTIMIZATION_LEVEL = "-Onone";
			};
			name = Debug;
		};
		F84001D72494844A001EAEB2 /* Release */ = {
			isa = XCBuildConfiguration;
			buildSettings = {
				ALWAYS_SEARCH_USER_PATHS = NO;
				CLANG_ANALYZER_NONNULL = YES;
				CLANG_ANALYZER_NUMBER_OBJECT_CONVERSION = YES_AGGRESSIVE;
				CLANG_CXX_LANGUAGE_STANDARD = "gnu++14";
				CLANG_CXX_LIBRARY = "libc++";
				CLANG_ENABLE_MODULES = YES;
				CLANG_ENABLE_OBJC_ARC = YES;
				CLANG_ENABLE_OBJC_WEAK = YES;
				CLANG_WARN_BLOCK_CAPTURE_AUTORELEASING = YES;
				CLANG_WARN_BOOL_CONVERSION = YES;
				CLANG_WARN_COMMA = YES;
				CLANG_WARN_CONSTANT_CONVERSION = YES;
				CLANG_WARN_DEPRECATED_OBJC_IMPLEMENTATIONS = YES;
				CLANG_WARN_DIRECT_OBJC_ISA_USAGE = YES_ERROR;
				CLANG_WARN_DOCUMENTATION_COMMENTS = YES;
				CLANG_WARN_EMPTY_BODY = YES;
				CLANG_WARN_ENUM_CONVERSION = YES;
				CLANG_WARN_INFINITE_RECURSION = YES;
				CLANG_WARN_INT_CONVERSION = YES;
				CLANG_WARN_NON_LITERAL_NULL_CONVERSION = YES;
				CLANG_WARN_OBJC_IMPLICIT_RETAIN_SELF = YES;
				CLANG_WARN_OBJC_LITERAL_CONVERSION = YES;
				CLANG_WARN_OBJC_ROOT_CLASS = YES_ERROR;
				CLANG_WARN_RANGE_LOOP_ANALYSIS = YES;
				CLANG_WARN_STRICT_PROTOTYPES = YES;
				CLANG_WARN_SUSPICIOUS_MOVE = YES;
				CLANG_WARN_UNGUARDED_AVAILABILITY = YES_AGGRESSIVE;
				CLANG_WARN_UNREACHABLE_CODE = YES;
				CLANG_WARN__DUPLICATE_METHOD_MATCH = YES;
				COPY_PHASE_STRIP = NO;
				DEBUG_INFORMATION_FORMAT = "dwarf-with-dsym";
				ENABLE_NS_ASSERTIONS = NO;
				ENABLE_STRICT_OBJC_MSGSEND = YES;
				GCC_C_LANGUAGE_STANDARD = gnu11;
				GCC_NO_COMMON_BLOCKS = YES;
				GCC_WARN_64_TO_32_BIT_CONVERSION = YES;
				GCC_WARN_ABOUT_RETURN_TYPE = YES_ERROR;
				GCC_WARN_UNDECLARED_SELECTOR = YES;
				GCC_WARN_UNINITIALIZED_AUTOS = YES_AGGRESSIVE;
				GCC_WARN_UNUSED_FUNCTION = YES;
				GCC_WARN_UNUSED_VARIABLE = YES;
				IPHONEOS_DEPLOYMENT_TARGET = 13.4;
				MTL_ENABLE_DEBUG_INFO = NO;
				MTL_FAST_MATH = YES;
				SDKROOT = iphoneos;
				SWIFT_COMPILATION_MODE = wholemodule;
				SWIFT_OPTIMIZATION_LEVEL = "-O";
				VALIDATE_PRODUCT = YES;
			};
			name = Release;
		};
		F84001D92494844A001EAEB2 /* Debug */ = {
			isa = XCBuildConfiguration;
			buildSettings = {
				ASSETCATALOG_COMPILER_APPICON_NAME = AppIcon;
				CODE_SIGN_STYLE = Automatic;
				INFOPLIST_FILE = tipper/Info.plist;
				LD_RUNPATH_SEARCH_PATHS = (
					"$(inherited)",
					"@executable_path/Frameworks",
				);
				PRODUCT_BUNDLE_IDENTIFIER = com.poojayadav.tipper;
				PRODUCT_NAME = "$(TARGET_NAME)";
				SWIFT_VERSION = 5.0;
				TARGETED_DEVICE_FAMILY = "1,2";
			};
			name = Debug;
		};
		F84001DA2494844A001EAEB2 /* Release */ = {
			isa = XCBuildConfiguration;
			buildSettings = {
				ASSETCATALOG_COMPILER_APPICON_NAME = AppIcon;
				CODE_SIGN_STYLE = Automatic;
				INFOPLIST_FILE = tipper/Info.plist;
				LD_RUNPATH_SEARCH_PATHS = (
					"$(inherited)",
					"@executable_path/Frameworks",
				);
				PRODUCT_BUNDLE_IDENTIFIER = com.poojayadav.tipper;
				PRODUCT_NAME = "$(TARGET_NAME)";
				SWIFT_VERSION = 5.0;
				TARGETED_DEVICE_FAMILY = "1,2";
			};
			name = Release;
		};
		F84001DC2494844A001EAEB2 /* Debug */ = {
			isa = XCBuildConfiguration;
			buildSettings = {
				ALWAYS_EMBED_SWIFT_STANDARD_LIBRARIES = YES;
				BUNDLE_LOADER = "$(TEST_HOST)";
				CODE_SIGN_STYLE = Automatic;
				INFOPLIST_FILE = tipperTests/Info.plist;
				IPHONEOS_DEPLOYMENT_TARGET = 13.4;
				LD_RUNPATH_SEARCH_PATHS = (
					"$(inherited)",
					"@executable_path/Frameworks",
					"@loader_path/Frameworks",
				);
				PRODUCT_BUNDLE_IDENTIFIER = com.poojayadav.tipperTests;
				PRODUCT_NAME = "$(TARGET_NAME)";
				SWIFT_VERSION = 5.0;
				TARGETED_DEVICE_FAMILY = "1,2";
				TEST_HOST = "$(BUILT_PRODUCTS_DIR)/tipper.app/tipper";
			};
			name = Debug;
		};
		F84001DD2494844A001EAEB2 /* Release */ = {
			isa = XCBuildConfiguration;
			buildSettings = {
				ALWAYS_EMBED_SWIFT_STANDARD_LIBRARIES = YES;
				BUNDLE_LOADER = "$(TEST_HOST)";
				CODE_SIGN_STYLE = Automatic;
				INFOPLIST_FILE = tipperTests/Info.plist;
				IPHONEOS_DEPLOYMENT_TARGET = 13.4;
				LD_RUNPATH_SEARCH_PATHS = (
					"$(inherited)",
					"@executable_path/Frameworks",
					"@loader_path/Frameworks",
				);
				PRODUCT_BUNDLE_IDENTIFIER = com.poojayadav.tipperTests;
				PRODUCT_NAME = "$(TARGET_NAME)";
				SWIFT_VERSION = 5.0;
				TARGETED_DEVICE_FAMILY = "1,2";
				TEST_HOST = "$(BUILT_PRODUCTS_DIR)/tipper.app/tipper";
			};
			name = Release;
		};
		F84001DF2494844A001EAEB2 /* Debug */ = {
			isa = XCBuildConfiguration;
			buildSettings = {
				ALWAYS_EMBED_SWIFT_STANDARD_LIBRARIES = YES;
				CODE_SIGN_STYLE = Automatic;
				INFOPLIST_FILE = tipperUITests/Info.plist;
				LD_RUNPATH_SEARCH_PATHS = (
					"$(inherited)",
					"@executable_path/Frameworks",
					"@loader_path/Frameworks",
				);
				PRODUCT_BUNDLE_IDENTIFIER = com.poojayadav.tipperUITests;
				PRODUCT_NAME = "$(TARGET_NAME)";
				SWIFT_VERSION = 5.0;
				TARGETED_DEVICE_FAMILY = "1,2";
				TEST_TARGET_NAME = tipper;
			};
			name = Debug;
		};
		F84001E02494844A001EAEB2 /* Release */ = {
			isa = XCBuildConfiguration;
			buildSettings = {
				ALWAYS_EMBED_SWIFT_STANDARD_LIBRARIES = YES;
				CODE_SIGN_STYLE = Automatic;
				INFOPLIST_FILE = tipperUITests/Info.plist;
				LD_RUNPATH_SEARCH_PATHS = (
					"$(inherited)",
					"@executable_path/Frameworks",
					"@loader_path/Frameworks",
				);
				PRODUCT_BUNDLE_IDENTIFIER = com.poojayadav.tipperUITests;
				PRODUCT_NAME = "$(TARGET_NAME)";
				SWIFT_VERSION = 5.0;
				TARGETED_DEVICE_FAMILY = "1,2";
				TEST_TARGET_NAME = tipper;
			};
			name = Release;
		};
/* End XCBuildConfiguration section */

/* Begin XCConfigurationList section */
		F84001A924948444001EAEB2 /* Build configuration list for PBXProject "tipper" */ = {
			isa = XCConfigurationList;
			buildConfigurations = (
				F84001D62494844A001EAEB2 /* Debug */,
				F84001D72494844A001EAEB2 /* Release */,
			);
			defaultConfigurationIsVisible = 0;
			defaultConfigurationName = Release;
		};
		F84001D82494844A001EAEB2 /* Build configuration list for PBXNativeTarget "tipper" */ = {
			isa = XCConfigurationList;
			buildConfigurations = (
				F84001D92494844A001EAEB2 /* Debug */,
				F84001DA2494844A001EAEB2 /* Release */,
			);
			defaultConfigurationIsVisible = 0;
			defaultConfigurationName = Release;
		};
		F84001DB2494844A001EAEB2 /* Build configuration list for PBXNativeTarget "tipperTests" */ = {
			isa = XCConfigurationList;
			buildConfigurations = (
				F84001DC2494844A001EAEB2 /* Debug */,
				F84001DD2494844A001EAEB2 /* Release */,
			);
			defaultConfigurationIsVisible = 0;
			defaultConfigurationName = Release;
		};
		F84001DE2494844A001EAEB2 /* Build configuration list for PBXNativeTarget "tipperUITests" */ = {
			isa = XCConfigurationList;
			buildConfigurations = (
				F84001DF2494844A001EAEB2 /* Debug */,
				F84001E02494844A001EAEB2 /* Release */,
			);
			defaultConfigurationIsVisible = 0;
			defaultConfigurationName = Release;
		};
/* End XCConfigurationList section */
	};
	rootObject = F84001A624948444001EAEB2 /* Project object */;
}
